
Microsoft Visual Studio Solution File, Format Version 12.00
# Visual Studio 15
VisualStudioVersion = 15.0.26124.0
MinimumVisualStudioVersion = 15.0.26124.0
Project("{2150E333-8FDC-42A3-9474-1A3956D46DE8}") = "src", "src", "{AB22B78B-5270-487F-93EB-06762CC7584A}"
EndProject
Project("{FAE04EC0-301F-11D3-BF4B-00C04F79EFBC}") = "CommandAPI", "src\CommandAPI\CommandAPI.csproj", "{0E3F9C21-294E-4154-9A89-0309205571DC}"
EndProject
Project("{2150E333-8FDC-42A3-9474-1A3956D46DE8}") = "test", "test", "{FB6684DE-BAE1-47E3-95B3-DF4AD4458042}"
EndProject
Project("{FAE04EC0-301F-11D3-BF4B-00C04F79EFBC}") = "CommandAPI.Tests", "test\CommandAPI.Tests\CommandAPI.Tests.csproj", "{26D16D2C-C2B5-4368-AA52-7E62B93B463A}"
EndProject
Global
	GlobalSection(SolutionConfigurationPlatforms) = preSolution
		Debug|Any CPU = Debug|Any CPU
		Debug|x64 = Debug|x64
		Debug|x86 = Debug|x86
		Release|Any CPU = Release|Any CPU
		Release|x64 = Release|x64
		Release|x86 = Release|x86
	EndGlobalSection
	GlobalSection(SolutionProperties) = preSolution
		HideSolutionNode = FALSE
	EndGlobalSection
	GlobalSection(ProjectConfigurationPlatforms) = postSolution
		{0E3F9C21-294E-4154-9A89-0309205571DC}.Debug|Any CPU.ActiveCfg = Debug|Any CPU
		{0E3F9C21-294E-4154-9A89-0309205571DC}.Debug|Any CPU.Build.0 = Debug|Any CPU
		{0E3F9C21-294E-4154-9A89-0309205571DC}.Debug|x64.ActiveCfg = Debug|Any CPU
		{0E3F9C21-294E-4154-9A89-0309205571DC}.Debug|x64.Build.0 = Debug|Any CPU
		{0E3F9C21-294E-4154-9A89-0309205571DC}.Debug|x86.ActiveCfg = Debug|Any CPU
		{0E3F9C21-294E-4154-9A89-0309205571DC}.Debug|x86.Build.0 = Debug|Any CPU
		{0E3F9C21-294E-4154-9A89-0309205571DC}.Release|Any CPU.ActiveCfg = Release|Any CPU
		{0E3F9C21-294E-4154-9A89-0309205571DC}.Release|Any CPU.Build.0 = Release|Any CPU
		{0E3F9C21-294E-4154-9A89-0309205571DC}.Release|x64.ActiveCfg = Release|Any CPU
		{0E3F9C21-294E-4154-9A89-0309205571DC}.Release|x64.Build.0 = Release|Any CPU
		{0E3F9C21-294E-4154-9A89-0309205571DC}.Release|x86.ActiveCfg = Release|Any CPU
		{0E3F9C21-294E-4154-9A89-0309205571DC}.Release|x86.Build.0 = Release|Any CPU
		{26D16D2C-C2B5-4368-AA52-7E62B93B463A}.Debug|Any CPU.ActiveCfg = Debug|Any CPU
		{26D16D2C-C2B5-4368-AA52-7E62B93B463A}.Debug|Any CPU.Build.0 = Debug|Any CPU
		{26D16D2C-C2B5-4368-AA52-7E62B93B463A}.Debug|x64.ActiveCfg = Debug|Any CPU
		{26D16D2C-C2B5-4368-AA52-7E62B93B463A}.Debug|x64.Build.0 = Debug|Any CPU
		{26D16D2C-C2B5-4368-AA52-7E62B93B463A}.Debug|x86.ActiveCfg = Debug|Any CPU
		{26D16D2C-C2B5-4368-AA52-7E62B93B463A}.Debug|x86.Build.0 = Debug|Any CPU
		{26D16D2C-C2B5-4368-AA52-7E62B93B463A}.Release|Any CPU.ActiveCfg = Release|Any CPU
		{26D16D2C-C2B5-4368-AA52-7E62B93B463A}.Release|Any CPU.Build.0 = Release|Any CPU
		{26D16D2C-C2B5-4368-AA52-7E62B93B463A}.Release|x64.ActiveCfg = Release|Any CPU
		{26D16D2C-C2B5-4368-AA52-7E62B93B463A}.Release|x64.Build.0 = Release|Any CPU
		{26D16D2C-C2B5-4368-AA52-7E62B93B463A}.Release|x86.ActiveCfg = Release|Any CPU
		{26D16D2C-C2B5-4368-AA52-7E62B93B463A}.Release|x86.Build.0 = Release|Any CPU
	EndGlobalSection
	GlobalSection(NestedProjects) = preSolution
		{0E3F9C21-294E-4154-9A89-0309205571DC} = {AB22B78B-5270-487F-93EB-06762CC7584A}
		{26D16D2C-C2B5-4368-AA52-7E62B93B463A} = {FB6684DE-BAE1-47E3-95B3-DF4AD4458042}
	EndGlobalSection
EndGlobal
